// !$*UTF8*$!
{
	archiveVersion = 1;
	classes = {
	};
	objectVersion = 56;
	objects = {

/* Begin PBXBuildFile section */
		041A967B2922556300688950 /* FilterObservableObject.swift in Sources */ = {isa = PBXBuildFile; fileRef = 041A967A2922556300688950 /* FilterObservableObject.swift */; };
		04CE51B828EDD336001EF764 /* ArtistDatabaseApp.swift in Sources */ = {isa = PBXBuildFile; fileRef = 04CE51B728EDD336001EF764 /* ArtistDatabaseApp.swift */; };
		04CE51BA28EDD336001EF764 /* ContentView.swift in Sources */ = {isa = PBXBuildFile; fileRef = 04CE51B928EDD336001EF764 /* ContentView.swift */; };
		04CE51BC28EDD336001EF764 /* Assets.xcassets in Resources */ = {isa = PBXBuildFile; fileRef = 04CE51BB28EDD336001EF764 /* Assets.xcassets */; };
		04CE51BF28EDD336001EF764 /* Preview Assets.xcassets in Resources */ = {isa = PBXBuildFile; fileRef = 04CE51BE28EDD336001EF764 /* Preview Assets.xcassets */; };
		04CE51CA28EDD337001EF764 /* ArtistDatabaseTests.swift in Sources */ = {isa = PBXBuildFile; fileRef = 04CE51C928EDD337001EF764 /* ArtistDatabaseTests.swift */; };
		04CE51D428EDD337001EF764 /* ArtistDatabaseUITests.swift in Sources */ = {isa = PBXBuildFile; fileRef = 04CE51D328EDD337001EF764 /* ArtistDatabaseUITests.swift */; };
		04CE51D628EDD337001EF764 /* ArtistDatabaseUITestsLaunchTests.swift in Sources */ = {isa = PBXBuildFile; fileRef = 04CE51D528EDD337001EF764 /* ArtistDatabaseUITestsLaunchTests.swift */; };
		04CE51ED28EDE5EC001EF764 /* SQLite in Frameworks */ = {isa = PBXBuildFile; productRef = 04CE51EC28EDE5EC001EF764 /* SQLite */; };
		04CE51EF28EDE6C7001EF764 /* ArtistModel.swift in Sources */ = {isa = PBXBuildFile; fileRef = 04CE51EE28EDE6C7001EF764 /* ArtistModel.swift */; };
		04CE51F128EDE754001EF764 /* DBManager.swift in Sources */ = {isa = PBXBuildFile; fileRef = 04CE51F028EDE754001EF764 /* DBManager.swift */; };
		04CE51F528F40A9F001EF764 /* ProfileView.swift in Sources */ = {isa = PBXBuildFile; fileRef = 04CE51F428F40A9F001EF764 /* ProfileView.swift */; };
/* End PBXBuildFile section */

/* Begin PBXContainerItemProxy section */
		04CE51C628EDD337001EF764 /* PBXContainerItemProxy */ = {
			isa = PBXContainerItemProxy;
			containerPortal = 04CE51AC28EDD336001EF764 /* Project object */;
			proxyType = 1;
			remoteGlobalIDString = 04CE51B328EDD336001EF764;
			remoteInfo = ArtistDatabase;
		};
		04CE51D028EDD337001EF764 /* PBXContainerItemProxy */ = {
			isa = PBXContainerItemProxy;
			containerPortal = 04CE51AC28EDD336001EF764 /* Project object */;
			proxyType = 1;
			remoteGlobalIDString = 04CE51B328EDD336001EF764;
			remoteInfo = ArtistDatabase;
		};
/* End PBXContainerItemProxy section */

/* Begin PBXFileReference section */
		041A967A2922556300688950 /* FilterObservableObject.swift */ = {isa = PBXFileReference; lastKnownFileType = sourcecode.swift; path = FilterObservableObject.swift; sourceTree = "<group>"; };
		04CE51B428EDD336001EF764 /* ArtistDatabase.app */ = {isa = PBXFileReference; explicitFileType = wrapper.application; includeInIndex = 0; path = ArtistDatabase.app; sourceTree = BUILT_PRODUCTS_DIR; };
		04CE51B728EDD336001EF764 /* ArtistDatabaseApp.swift */ = {isa = PBXFileReference; lastKnownFileType = sourcecode.swift; path = ArtistDatabaseApp.swift; sourceTree = "<group>"; };
		04CE51B928EDD336001EF764 /* ContentView.swift */ = {isa = PBXFileReference; lastKnownFileType = sourcecode.swift; path = ContentView.swift; sourceTree = "<group>"; };
		04CE51BB28EDD336001EF764 /* Assets.xcassets */ = {isa = PBXFileReference; lastKnownFileType = folder.assetcatalog; path = Assets.xcassets; sourceTree = "<group>"; };
		04CE51BE28EDD336001EF764 /* Preview Assets.xcassets */ = {isa = PBXFileReference; lastKnownFileType = folder.assetcatalog; path = "Preview Assets.xcassets"; sourceTree = "<group>"; };
		04CE51C028EDD336001EF764 /* ArtistDatabase.entitlements */ = {isa = PBXFileReference; lastKnownFileType = text.plist.entitlements; path = ArtistDatabase.entitlements; sourceTree = "<group>"; };
		04CE51C528EDD337001EF764 /* ArtistDatabaseTests.xctest */ = {isa = PBXFileReference; explicitFileType = wrapper.cfbundle; includeInIndex = 0; path = ArtistDatabaseTests.xctest; sourceTree = BUILT_PRODUCTS_DIR; };
		04CE51C928EDD337001EF764 /* ArtistDatabaseTests.swift */ = {isa = PBXFileReference; lastKnownFileType = sourcecode.swift; path = ArtistDatabaseTests.swift; sourceTree = "<group>"; };
		04CE51CF28EDD337001EF764 /* ArtistDatabaseUITests.xctest */ = {isa = PBXFileReference; explicitFileType = wrapper.cfbundle; includeInIndex = 0; path = ArtistDatabaseUITests.xctest; sourceTree = BUILT_PRODUCTS_DIR; };
		04CE51D328EDD337001EF764 /* ArtistDatabaseUITests.swift */ = {isa = PBXFileReference; lastKnownFileType = sourcecode.swift; path = ArtistDatabaseUITests.swift; sourceTree = "<group>"; };
		04CE51D528EDD337001EF764 /* ArtistDatabaseUITestsLaunchTests.swift */ = {isa = PBXFileReference; lastKnownFileType = sourcecode.swift; path = ArtistDatabaseUITestsLaunchTests.swift; sourceTree = "<group>"; };
		04CE51EE28EDE6C7001EF764 /* ArtistModel.swift */ = {isa = PBXFileReference; lastKnownFileType = sourcecode.swift; path = ArtistModel.swift; sourceTree = "<group>"; };
		04CE51F028EDE754001EF764 /* DBManager.swift */ = {isa = PBXFileReference; lastKnownFileType = sourcecode.swift; path = DBManager.swift; sourceTree = "<group>"; };
		04CE51F428F40A9F001EF764 /* ProfileView.swift */ = {isa = PBXFileReference; lastKnownFileType = sourcecode.swift; path = ProfileView.swift; sourceTree = "<group>"; };
/* End PBXFileReference section */

/* Begin PBXFrameworksBuildPhase section */
		04CE51B128EDD336001EF764 /* Frameworks */ = {
			isa = PBXFrameworksBuildPhase;
			buildActionMask = 2147483647;
			files = (
				04CE51ED28EDE5EC001EF764 /* SQLite in Frameworks */,
			);
			runOnlyForDeploymentPostprocessing = 0;
		};
		04CE51C228EDD337001EF764 /* Frameworks */ = {
			isa = PBXFrameworksBuildPhase;
			buildActionMask = 2147483647;
			files = (
			);
			runOnlyForDeploymentPostprocessing = 0;
		};
		04CE51CC28EDD337001EF764 /* Frameworks */ = {
			isa = PBXFrameworksBuildPhase;
			buildActionMask = 2147483647;
			files = (
			);
			runOnlyForDeploymentPostprocessing = 0;
		};
/* End PBXFrameworksBuildPhase section */

/* Begin PBXGroup section */
		04CE51AB28EDD336001EF764 = {
			isa = PBXGroup;
			children = (
				04CE51B628EDD336001EF764 /* ArtistDatabase */,
				04CE51C828EDD337001EF764 /* ArtistDatabaseTests */,
				04CE51D228EDD337001EF764 /* ArtistDatabaseUITests */,
				04CE51B528EDD336001EF764 /* Products */,
			);
			sourceTree = "<group>";
		};
		04CE51B528EDD336001EF764 /* Products */ = {
			isa = PBXGroup;
			children = (
				04CE51B428EDD336001EF764 /* ArtistDatabase.app */,
				04CE51C528EDD337001EF764 /* ArtistDatabaseTests.xctest */,
				04CE51CF28EDD337001EF764 /* ArtistDatabaseUITests.xctest */,
			);
			name = Products;
			sourceTree = "<group>";
		};
		04CE51B628EDD336001EF764 /* ArtistDatabase */ = {
			isa = PBXGroup;
			children = (
				04CE51B728EDD336001EF764 /* ArtistDatabaseApp.swift */,
				04CE51F028EDE754001EF764 /* DBManager.swift */,
				04CE51EE28EDE6C7001EF764 /* ArtistModel.swift */,
				04CE51B928EDD336001EF764 /* ContentView.swift */,
				041A967A2922556300688950 /* FilterObservableObject.swift */,
				04CE51F428F40A9F001EF764 /* ProfileView.swift */,
				04CE51BB28EDD336001EF764 /* Assets.xcassets */,
				04CE51C028EDD336001EF764 /* ArtistDatabase.entitlements */,
				04CE51BD28EDD336001EF764 /* Preview Content */,
			);
			path = ArtistDatabase;
			sourceTree = "<group>";
		};
		04CE51BD28EDD336001EF764 /* Preview Content */ = {
			isa = PBXGroup;
			children = (
				04CE51BE28EDD336001EF764 /* Preview Assets.xcassets */,
			);
			path = "Preview Content";
			sourceTree = "<group>";
		};
		04CE51C828EDD337001EF764 /* ArtistDatabaseTests */ = {
			isa = PBXGroup;
			children = (
				04CE51C928EDD337001EF764 /* ArtistDatabaseTests.swift */,
			);
			path = ArtistDatabaseTests;
			sourceTree = "<group>";
		};
		04CE51D228EDD337001EF764 /* ArtistDatabaseUITests */ = {
			isa = PBXGroup;
			children = (
				04CE51D328EDD337001EF764 /* ArtistDatabaseUITests.swift */,
				04CE51D528EDD337001EF764 /* ArtistDatabaseUITestsLaunchTests.swift */,
			);
			path = ArtistDatabaseUITests;
			sourceTree = "<group>";
		};
/* End PBXGroup section */

/* Begin PBXNativeTarget section */
		04CE51B328EDD336001EF764 /* ArtistDatabase */ = {
			isa = PBXNativeTarget;
			buildConfigurationList = 04CE51D928EDD337001EF764 /* Build configuration list for PBXNativeTarget "ArtistDatabase" */;
			buildPhases = (
				04CE51B028EDD336001EF764 /* Sources */,
				04CE51B128EDD336001EF764 /* Frameworks */,
				04CE51B228EDD336001EF764 /* Resources */,
			);
			buildRules = (
			);
			dependencies = (
			);
			name = ArtistDatabase;
			packageProductDependencies = (
				04CE51EC28EDE5EC001EF764 /* SQLite */,
			);
			productName = ArtistDatabase;
			productReference = 04CE51B428EDD336001EF764 /* ArtistDatabase.app */;
			productType = "com.apple.product-type.application";
		};
		04CE51C428EDD337001EF764 /* ArtistDatabaseTests */ = {
			isa = PBXNativeTarget;
			buildConfigurationList = 04CE51DC28EDD337001EF764 /* Build configuration list for PBXNativeTarget "ArtistDatabaseTests" */;
			buildPhases = (
				04CE51C128EDD337001EF764 /* Sources */,
				04CE51C228EDD337001EF764 /* Frameworks */,
				04CE51C328EDD337001EF764 /* Resources */,
			);
			buildRules = (
			);
			dependencies = (
				04CE51C728EDD337001EF764 /* PBXTargetDependency */,
			);
			name = ArtistDatabaseTests;
			productName = ArtistDatabaseTests;
			productReference = 04CE51C528EDD337001EF764 /* ArtistDatabaseTests.xctest */;
			productType = "com.apple.product-type.bundle.unit-test";
		};
		04CE51CE28EDD337001EF764 /* ArtistDatabaseUITests */ = {
			isa = PBXNativeTarget;
			buildConfigurationList = 04CE51DF28EDD337001EF764 /* Build configuration list for PBXNativeTarget "ArtistDatabaseUITests" */;
			buildPhases = (
				04CE51CB28EDD337001EF764 /* Sources */,
				04CE51CC28EDD337001EF764 /* Frameworks */,
				04CE51CD28EDD337001EF764 /* Resources */,
			);
			buildRules = (
			);
			dependencies = (
				04CE51D128EDD337001EF764 /* PBXTargetDependency */,
			);
			name = ArtistDatabaseUITests;
			productName = ArtistDatabaseUITests;
			productReference = 04CE51CF28EDD337001EF764 /* ArtistDatabaseUITests.xctest */;
			productType = "com.apple.product-type.bundle.ui-testing";
		};
/* End PBXNativeTarget section */

/* Begin PBXProject section */
		04CE51AC28EDD336001EF764 /* Project object */ = {
			isa = PBXProject;
			attributes = {
				BuildIndependentTargetsInParallel = 1;
				LastSwiftUpdateCheck = 1400;
				LastUpgradeCheck = 1400;
				TargetAttributes = {
					04CE51B328EDD336001EF764 = {
						CreatedOnToolsVersion = 14.0.1;
					};
					04CE51C428EDD337001EF764 = {
						CreatedOnToolsVersion = 14.0.1;
						TestTargetID = 04CE51B328EDD336001EF764;
					};
					04CE51CE28EDD337001EF764 = {
						CreatedOnToolsVersion = 14.0.1;
						TestTargetID = 04CE51B328EDD336001EF764;
					};
				};
			};
			buildConfigurationList = 04CE51AF28EDD336001EF764 /* Build configuration list for PBXProject "ArtistDatabase" */;
			compatibilityVersion = "Xcode 14.0";
			developmentRegion = en;
			hasScannedForEncodings = 0;
			knownRegions = (
				en,
				Base,
			);
			mainGroup = 04CE51AB28EDD336001EF764;
			packageReferences = (
				04CE51EB28EDE5EC001EF764 /* XCRemoteSwiftPackageReference "SQLite.swift" */,
			);
			productRefGroup = 04CE51B528EDD336001EF764 /* Products */;
			projectDirPath = "";
			projectRoot = "";
			targets = (
				04CE51B328EDD336001EF764 /* ArtistDatabase */,
				04CE51C428EDD337001EF764 /* ArtistDatabaseTests */,
				04CE51CE28EDD337001EF764 /* ArtistDatabaseUITests */,
			);
		};
/* End PBXProject section */

/* Begin PBXResourcesBuildPhase section */
		04CE51B228EDD336001EF764 /* Resources */ = {
			isa = PBXResourcesBuildPhase;
			buildActionMask = 2147483647;
			files = (
				04CE51BF28EDD336001EF764 /* Preview Assets.xcassets in Resources */,
				04CE51BC28EDD336001EF764 /* Assets.xcassets in Resources */,
			);
			runOnlyForDeploymentPostprocessing = 0;
		};
		04CE51C328EDD337001EF764 /* Resources */ = {
			isa = PBXResourcesBuildPhase;
			buildActionMask = 2147483647;
			files = (
			);
			runOnlyForDeploymentPostprocessing = 0;
		};
		04CE51CD28EDD337001EF764 /* Resources */ = {
			isa = PBXResourcesBuildPhase;
			buildActionMask = 2147483647;
			files = (
			);
			runOnlyForDeploymentPostprocessing = 0;
		};
/* End PBXResourcesBuildPhase section */

/* Begin PBXSourcesBuildPhase section */
		04CE51B028EDD336001EF764 /* Sources */ = {
			isa = PBXSourcesBuildPhase;
			buildActionMask = 2147483647;
			files = (
				04CE51F128EDE754001EF764 /* DBManager.swift in Sources */,
				041A967B2922556300688950 /* FilterObservableObject.swift in Sources */,
				04CE51EF28EDE6C7001EF764 /* ArtistModel.swift in Sources */,
				04CE51BA28EDD336001EF764 /* ContentView.swift in Sources */,
				04CE51B828EDD336001EF764 /* ArtistDatabaseApp.swift in Sources */,
				04CE51F528F40A9F001EF764 /* ProfileView.swift in Sources */,
			);
			runOnlyForDeploymentPostprocessing = 0;
		};
		04CE51C128EDD337001EF764 /* Sources */ = {
			isa = PBXSourcesBuildPhase;
			buildActionMask = 2147483647;
			files = (
				04CE51CA28EDD337001EF764 /* ArtistDatabaseTests.swift in Sources */,
			);
			runOnlyForDeploymentPostprocessing = 0;
		};
		04CE51CB28EDD337001EF764 /* Sources */ = {
			isa = PBXSourcesBuildPhase;
			buildActionMask = 2147483647;
			files = (
				04CE51D628EDD337001EF764 /* ArtistDatabaseUITestsLaunchTests.swift in Sources */,
				04CE51D428EDD337001EF764 /* ArtistDatabaseUITests.swift in Sources */,
			);
			runOnlyForDeploymentPostprocessing = 0;
		};
/* End PBXSourcesBuildPhase section */

/* Begin PBXTargetDependency section */
		04CE51C728EDD337001EF764 /* PBXTargetDependency */ = {
			isa = PBXTargetDependency;
			target = 04CE51B328EDD336001EF764 /* ArtistDatabase */;
			targetProxy = 04CE51C628EDD337001EF764 /* PBXContainerItemProxy */;
		};
		04CE51D128EDD337001EF764 /* PBXTargetDependency */ = {
			isa = PBXTargetDependency;
			target = 04CE51B328EDD336001EF764 /* ArtistDatabase */;
			targetProxy = 04CE51D028EDD337001EF764 /* PBXContainerItemProxy */;
		};
/* End PBXTargetDependency section */

/* Begin XCBuildConfiguration section */
		04CE51D728EDD337001EF764 /* Debug */ = {
			isa = XCBuildConfiguration;
			buildSettings = {
				ALWAYS_SEARCH_USER_PATHS = NO;
				CLANG_ANALYZER_NONNULL = YES;
				CLANG_ANALYZER_NUMBER_OBJECT_CONVERSION = YES_AGGRESSIVE;
				CLANG_CXX_LANGUAGE_STANDARD = "gnu++20";
				CLANG_ENABLE_MODULES = YES;
				CLANG_ENABLE_OBJC_ARC = YES;
				CLANG_ENABLE_OBJC_WEAK = YES;
				CLANG_WARN_BLOCK_CAPTURE_AUTORELEASING = YES;
				CLANG_WARN_BOOL_CONVERSION = YES;
				CLANG_WARN_COMMA = YES;
				CLANG_WARN_CONSTANT_CONVERSION = YES;
				CLANG_WARN_DEPRECATED_OBJC_IMPLEMENTATIONS = YES;
				CLANG_WARN_DIRECT_OBJC_ISA_USAGE = YES_ERROR;
				CLANG_WARN_DOCUMENTATION_COMMENTS = YES;
				CLANG_WARN_EMPTY_BODY = YES;
				CLANG_WARN_ENUM_CONVERSION = YES;
				CLANG_WARN_INFINITE_RECURSION = YES;
				CLANG_WARN_INT_CONVERSION = YES;
				CLANG_WARN_NON_LITERAL_NULL_CONVERSION = YES;
				CLANG_WARN_OBJC_IMPLICIT_RETAIN_SELF = YES;
				CLANG_WARN_OBJC_LITERAL_CONVERSION = YES;
				CLANG_WARN_OBJC_ROOT_CLASS = YES_ERROR;
				CLANG_WARN_QUOTED_INCLUDE_IN_FRAMEWORK_HEADER = YES;
				CLANG_WARN_RANGE_LOOP_ANALYSIS = YES;
				CLANG_WARN_STRICT_PROTOTYPES = YES;
				CLANG_WARN_SUSPICIOUS_MOVE = YES;
				CLANG_WARN_UNGUARDED_AVAILABILITY = YES_AGGRESSIVE;
				CLANG_WARN_UNREACHABLE_CODE = YES;
				CLANG_WARN__DUPLICATE_METHOD_MATCH = YES;
				COPY_PHASE_STRIP = NO;
				DEBUG_INFORMATION_FORMAT = dwarf;
				ENABLE_STRICT_OBJC_MSGSEND = YES;
				ENABLE_TESTABILITY = YES;
				GCC_C_LANGUAGE_STANDARD = gnu11;
				GCC_DYNAMIC_NO_PIC = NO;
				GCC_NO_COMMON_BLOCKS = YES;
				GCC_OPTIMIZATION_LEVEL = 0;
				GCC_PREPROCESSOR_DEFINITIONS = (
					"DEBUG=1",
					"$(inherited)",
				);
				GCC_WARN_64_TO_32_BIT_CONVERSION = YES;
				GCC_WARN_ABOUT_RETURN_TYPE = YES_ERROR;
				GCC_WARN_UNDECLARED_SELECTOR = YES;
				GCC_WARN_UNINITIALIZED_AUTOS = YES_AGGRESSIVE;
				GCC_WARN_UNUSED_FUNCTION = YES;
				GCC_WARN_UNUSED_VARIABLE = YES;
				MACOSX_DEPLOYMENT_TARGET = 12.3;
				MTL_ENABLE_DEBUG_INFO = INCLUDE_SOURCE;
				MTL_FAST_MATH = YES;
				ONLY_ACTIVE_ARCH = YES;
				SDKROOT = macosx;
				SWIFT_ACTIVE_COMPILATION_CONDITIONS = DEBUG;
				SWIFT_OPTIMIZATION_LEVEL = "-Onone";
			};
			name = Debug;
		};
		04CE51D828EDD337001EF764 /* Release */ = {
			isa = XCBuildConfiguration;
			buildSettings = {
				ALWAYS_SEARCH_USER_PATHS = NO;
				CLANG_ANALYZER_NONNULL = YES;
				CLANG_ANALYZER_NUMBER_OBJECT_CONVERSION = YES_AGGRESSIVE;
				CLANG_CXX_LANGUAGE_STANDARD = "gnu++20";
				CLANG_ENABLE_MODULES = YES;
				CLANG_ENABLE_OBJC_ARC = YES;
				CLANG_ENABLE_OBJC_WEAK = YES;
				CLANG_WARN_BLOCK_CAPTURE_AUTORELEASING = YES;
				CLANG_WARN_BOOL_CONVERSION = YES;
				CLANG_WARN_COMMA = YES;
				CLANG_WARN_CONSTANT_CONVERSION = YES;
				CLANG_WARN_DEPRECATED_OBJC_IMPLEMENTATIONS = YES;
				CLANG_WARN_DIRECT_OBJC_ISA_USAGE = YES_ERROR;
				CLANG_WARN_DOCUMENTATION_COMMENTS = YES;
				CLANG_WARN_EMPTY_BODY = YES;
				CLANG_WARN_ENUM_CONVERSION = YES;
				CLANG_WARN_INFINITE_RECURSION = YES;
				CLANG_WARN_INT_CONVERSION = YES;
				CLANG_WARN_NON_LITERAL_NULL_CONVERSION = YES;
				CLANG_WARN_OBJC_IMPLICIT_RETAIN_SELF = YES;
				CLANG_WARN_OBJC_LITERAL_CONVERSION = YES;
				CLANG_WARN_OBJC_ROOT_CLASS = YES_ERROR;
				CLANG_WARN_QUOTED_INCLUDE_IN_FRAMEWORK_HEADER = YES;
				CLANG_WARN_RANGE_LOOP_ANALYSIS = YES;
				CLANG_WARN_STRICT_PROTOTYPES = YES;
				CLANG_WARN_SUSPICIOUS_MOVE = YES;
				CLANG_WARN_UNGUARDED_AVAILABILITY = YES_AGGRESSIVE;
				CLANG_WARN_UNREACHABLE_CODE = YES;
				CLANG_WARN__DUPLICATE_METHOD_MATCH = YES;
				COPY_PHASE_STRIP = NO;
				DEBUG_INFORMATION_FORMAT = "dwarf-with-dsym";
				ENABLE_NS_ASSERTIONS = NO;
				ENABLE_STRICT_OBJC_MSGSEND = YES;
				GCC_C_LANGUAGE_STANDARD = gnu11;
				GCC_NO_COMMON_BLOCKS = YES;
				GCC_WARN_64_TO_32_BIT_CONVERSION = YES;
				GCC_WARN_ABOUT_RETURN_TYPE = YES_ERROR;
				GCC_WARN_UNDECLARED_SELECTOR = YES;
				GCC_WARN_UNINITIALIZED_AUTOS = YES_AGGRESSIVE;
				GCC_WARN_UNUSED_FUNCTION = YES;
				GCC_WARN_UNUSED_VARIABLE = YES;
				MACOSX_DEPLOYMENT_TARGET = 12.3;
				MTL_ENABLE_DEBUG_INFO = NO;
				MTL_FAST_MATH = YES;
				SDKROOT = macosx;
				SWIFT_COMPILATION_MODE = wholemodule;
				SWIFT_OPTIMIZATION_LEVEL = "-O";
			};
			name = Release;
		};
		04CE51DA28EDD337001EF764 /* Debug */ = {
			isa = XCBuildConfiguration;
			buildSettings = {
				ASSETCATALOG_COMPILER_APPICON_NAME = AppIcon;
				ASSETCATALOG_COMPILER_GLOBAL_ACCENT_COLOR_NAME = AccentColor;
				CODE_SIGN_ENTITLEMENTS = ArtistDatabase/ArtistDatabase.entitlements;
				"CODE_SIGN_IDENTITY[sdk=macosx*]" = "-";
				CODE_SIGN_STYLE = Automatic;
				COMBINE_HIDPI_IMAGES = YES;
				CURRENT_PROJECT_VERSION = 1;
				DEVELOPMENT_ASSET_PATHS = "\"ArtistDatabase/Preview Content\"";
				DEVELOPMENT_TEAM = YFMSMSD5F5;
				ENABLE_HARDENED_RUNTIME = YES;
				ENABLE_PREVIEWS = YES;
				GENERATE_INFOPLIST_FILE = YES;
				INFOPLIST_KEY_NSHumanReadableCopyright = "";
				LD_RUNPATH_SEARCH_PATHS = (
					"$(inherited)",
					"@executable_path/../Frameworks",
				);
				MARKETING_VERSION = 1.0;
				PRODUCT_BUNDLE_IDENTIFIER = itsnk.ArtistDatabase;
				PRODUCT_NAME = "$(TARGET_NAME)";
				SWIFT_EMIT_LOC_STRINGS = YES;
				SWIFT_VERSION = 5.0;
			};
			name = Debug;
		};
		04CE51DB28EDD337001EF764 /* Release */ = {
			isa = XCBuildConfiguration;
			buildSettings = {
				ASSETCATALOG_COMPILER_APPICON_NAME = AppIcon;
				ASSETCATALOG_COMPILER_GLOBAL_ACCENT_COLOR_NAME = AccentColor;
				CODE_SIGN_ENTITLEMENTS = ArtistDatabase/ArtistDatabase.entitlements;
				"CODE_SIGN_IDENTITY[sdk=macosx*]" = "-";
				CODE_SIGN_STYLE = Automatic;
				COMBINE_HIDPI_IMAGES = YES;
				CURRENT_PROJECT_VERSION = 1;
				DEVELOPMENT_ASSET_PATHS = "\"ArtistDatabase/Preview Content\"";
				DEVELOPMENT_TEAM = YFMSMSD5F5;
				ENABLE_HARDENED_RUNTIME = YES;
				ENABLE_PREVIEWS = YES;
				GENERATE_INFOPLIST_FILE = YES;
				INFOPLIST_KEY_NSHumanReadableCopyright = "";
				LD_RUNPATH_SEARCH_PATHS = (
					"$(inherited)",
					"@executable_path/../Frameworks",
				);
				MARKETING_VERSION = 1.0;
				PRODUCT_BUNDLE_IDENTIFIER = itsnk.ArtistDatabase;
				PRODUCT_NAME = "$(TARGET_NAME)";
				SWIFT_EMIT_LOC_STRINGS = YES;
				SWIFT_VERSION = 5.0;
			};
			name = Release;
		};
		04CE51DD28EDD337001EF764 /* Debug */ = {
			isa = XCBuildConfiguration;
			buildSettings = {
				ALWAYS_EMBED_SWIFT_STANDARD_LIBRARIES = YES;
				BUNDLE_LOADER = "$(TEST_HOST)";
				CODE_SIGN_STYLE = Automatic;
				CURRENT_PROJECT_VERSION = 1;
				DEVELOPMENT_TEAM = YFMSMSD5F5;
				GENERATE_INFOPLIST_FILE = YES;
				MACOSX_DEPLOYMENT_TARGET = 12.3;
				MARKETING_VERSION = 1.0;
				PRODUCT_BUNDLE_IDENTIFIER = itsnk.ArtistDatabaseTests;
				PRODUCT_NAME = "$(TARGET_NAME)";
				SWIFT_EMIT_LOC_STRINGS = NO;
				SWIFT_VERSION = 5.0;
				TEST_HOST = "$(BUILT_PRODUCTS_DIR)/ArtistDatabase.app/$(BUNDLE_EXECUTABLE_FOLDER_PATH)/ArtistDatabase";
			};
			name = Debug;
		};
		04CE51DE28EDD337001EF764 /* Release */ = {
			isa = XCBuildConfiguration;
			buildSettings = {
				ALWAYS_EMBED_SWIFT_STANDARD_LIBRARIES = YES;
				BUNDLE_LOADER = "$(TEST_HOST)";
				CODE_SIGN_STYLE = Automatic;
				CURRENT_PROJECT_VERSION = 1;
				DEVELOPMENT_TEAM = YFMSMSD5F5;
				GENERATE_INFOPLIST_FILE = YES;
				MACOSX_DEPLOYMENT_TARGET = 12.3;
				MARKETING_VERSION = 1.0;
				PRODUCT_BUNDLE_IDENTIFIER = itsnk.ArtistDatabaseTests;
				PRODUCT_NAME = "$(TARGET_NAME)";
				SWIFT_EMIT_LOC_STRINGS = NO;
				SWIFT_VERSION = 5.0;
				TEST_HOST = "$(BUILT_PRODUCTS_DIR)/ArtistDatabase.app/$(BUNDLE_EXECUTABLE_FOLDER_PATH)/ArtistDatabase";
			};
			name = Release;
		};
		04CE51E028EDD337001EF764 /* Debug */ = {
			isa = XCBuildConfiguration;
			buildSettings = {
				ALWAYS_EMBED_SWIFT_STANDARD_LIBRARIES = YES;
				CODE_SIGN_STYLE = Automatic;
				CURRENT_PROJECT_VERSION = 1;
				DEVELOPMENT_TEAM = YFMSMSD5F5;
				GENERATE_INFOPLIST_FILE = YES;
				MARKETING_VERSION = 1.0;
				PRODUCT_BUNDLE_IDENTIFIER = itsnk.ArtistDatabaseUITests;
				PRODUCT_NAME = "$(TARGET_NAME)";
				SWIFT_EMIT_LOC_STRINGS = NO;
				SWIFT_VERSION = 5.0;
				TEST_TARGET_NAME = ArtistDatabase;
			};
			name = Debug;
		};
		04CE51E128EDD337001EF764 /* Release */ = {
			isa = XCBuildConfiguration;
			buildSettings = {
				ALWAYS_EMBED_SWIFT_STANDARD_LIBRARIES = YES;
				CODE_SIGN_STYLE = Automatic;
				CURRENT_PROJECT_VERSION = 1;
				DEVELOPMENT_TEAM = YFMSMSD5F5;
				GENERATE_INFOPLIST_FILE = YES;
				MARKETING_VERSION = 1.0;
				PRODUCT_BUNDLE_IDENTIFIER = itsnk.ArtistDatabaseUITests;
				PRODUCT_NAME = "$(TARGET_NAME)";
				SWIFT_EMIT_LOC_STRINGS = NO;
				SWIFT_VERSION = 5.0;
				TEST_TARGET_NAME = ArtistDatabase;
			};
			name = Release;
		};
/* End XCBuildConfiguration section */

/* Begin XCConfigurationList section */
		04CE51AF28EDD336001EF764 /* Build configuration list for PBXProject "ArtistDatabase" */ = {
			isa = XCConfigurationList;
			buildConfigurations = (
				04CE51D728EDD337001EF764 /* Debug */,
				04CE51D828EDD337001EF764 /* Release */,
			);
			defaultConfigurationIsVisible = 0;
			defaultConfigurationName = Release;
		};
		04CE51D928EDD337001EF764 /* Build configuration list for PBXNativeTarget "ArtistDatabase" */ = {
			isa = XCConfigurationList;
			buildConfigurations = (
				04CE51DA28EDD337001EF764 /* Debug */,
				04CE51DB28EDD337001EF764 /* Release */,
			);
			defaultConfigurationIsVisible = 0;
			defaultConfigurationName = Release;
		};
		04CE51DC28EDD337001EF764 /* Build configuration list for PBXNativeTarget "ArtistDatabaseTests" */ = {
			isa = XCConfigurationList;
			buildConfigurations = (
				04CE51DD28EDD337001EF764 /* Debug */,
				04CE51DE28EDD337001EF764 /* Release */,
			);
			defaultConfigurationIsVisible = 0;
			defaultConfigurationName = Release;
		};
		04CE51DF28EDD337001EF764 /* Build configuration list for PBXNativeTarget "ArtistDatabaseUITests" */ = {
			isa = XCConfigurationList;
			buildConfigurations = (
				04CE51E028EDD337001EF764 /* Debug */,
				04CE51E128EDD337001EF764 /* Release */,
			);
			defaultConfigurationIsVisible = 0;
			defaultConfigurationName = Release;
		};
/* End XCConfigurationList section */

/* Begin XCRemoteSwiftPackageReference section */
		04CE51EB28EDE5EC001EF764 /* XCRemoteSwiftPackageReference "SQLite.swift" */ = {
			isa = XCRemoteSwiftPackageReference;
			repositoryURL = "https://github.com/stephencelis/SQLite.swift.git";
			requirement = {
				kind = upToNextMajorVersion;
				minimumVersion = 0.9.2;
			};
		};
/* End XCRemoteSwiftPackageReference section */

/* Begin XCSwiftPackageProductDependency section */
		04CE51EC28EDE5EC001EF764 /* SQLite */ = {
			isa = XCSwiftPackageProductDependency;
			package = 04CE51EB28EDE5EC001EF764 /* XCRemoteSwiftPackageReference "SQLite.swift" */;
			productName = SQLite;
		};
/* End XCSwiftPackageProductDependency section */
	};
	rootObject = 04CE51AC28EDD336001EF764 /* Project object */;
}
